// !$*UTF8*$!
{
	archiveVersion = 1;
	classes = {
	};
	objectVersion = 46;
	objects = {

/* Begin PBXBuildFile section */
		C80A06F51EC4F17500123192 /* Song.swift in Sources */ = {isa = PBXBuildFile; fileRef = C80A06F41EC4F17500123192 /* Song.swift */; };
		C86093F31EAD17EA00CA12B4 /* Arithmetic.swift in Sources */ = {isa = PBXBuildFile; fileRef = C86093F21EAD17EA00CA12B4 /* Arithmetic.swift */; };
		C86140691E94E6E100599DCC /* Syft.framework in Frameworks */ = {isa = PBXBuildFile; fileRef = C8CC45151E92370100EA1B47 /* Syft.framework */; };
		C861406A1E94E6E100599DCC /* Syft.framework in Embed Frameworks */ = {isa = PBXBuildFile; fileRef = C8CC45151E92370100EA1B47 /* Syft.framework */; settings = {ATTRIBUTES = (CodeSignOnCopy, RemoveHeadersOnCopy, ); }; };
		C8735B1B1E94E58E00A72FCC /* AppDelegate.swift in Sources */ = {isa = PBXBuildFile; fileRef = C8735B1A1E94E58E00A72FCC /* AppDelegate.swift */; };
		C8735B1D1E94E58E00A72FCC /* ViewController.swift in Sources */ = {isa = PBXBuildFile; fileRef = C8735B1C1E94E58E00A72FCC /* ViewController.swift */; };
		C8735B1F1E94E58E00A72FCC /* Assets.xcassets in Resources */ = {isa = PBXBuildFile; fileRef = C8735B1E1E94E58E00A72FCC /* Assets.xcassets */; };
		C8735B221E94E58E00A72FCC /* Main.storyboard in Resources */ = {isa = PBXBuildFile; fileRef = C8735B201E94E58E00A72FCC /* Main.storyboard */; };
		C887B9101EE778E3001CD9DE /* DeferredTests.swift in Sources */ = {isa = PBXBuildFile; fileRef = C887B9041EE778D3001CD9DE /* DeferredTests.swift */; };
		C887B9111EE778E3001CD9DE /* EitherTests.swift in Sources */ = {isa = PBXBuildFile; fileRef = C887B9051EE778D3001CD9DE /* EitherTests.swift */; };
		C887B9121EE778E3001CD9DE /* Helpers.swift in Sources */ = {isa = PBXBuildFile; fileRef = C887B9061EE778D3001CD9DE /* Helpers.swift */; };
		C887B9141EE778E3001CD9DE /* MatchTests.swift in Sources */ = {isa = PBXBuildFile; fileRef = C887B9081EE778D3001CD9DE /* MatchTests.swift */; };
		C887B9151EE778E3001CD9DE /* RemainderTests.swift in Sources */ = {isa = PBXBuildFile; fileRef = C887B9091EE778D3001CD9DE /* RemainderTests.swift */; };
		C887B9161EE778E3001CD9DE /* RepeatTests.swift in Sources */ = {isa = PBXBuildFile; fileRef = C887B90A1EE778D3001CD9DE /* RepeatTests.swift */; };
		C887B9171EE778E3001CD9DE /* ResultTests.swift in Sources */ = {isa = PBXBuildFile; fileRef = C887B90B1EE778D3001CD9DE /* ResultTests.swift */; };
		C887B9181EE778E3001CD9DE /* SequenceTests.swift in Sources */ = {isa = PBXBuildFile; fileRef = C887B90C1EE778D3001CD9DE /* SequenceTests.swift */; };
		C887B9191EE778E3001CD9DE /* StringAtomTests.swift in Sources */ = {isa = PBXBuildFile; fileRef = C887B90D1EE778D3001CD9DE /* StringAtomTests.swift */; };
		C887B91A1EE778E3001CD9DE /* TagTests.swift in Sources */ = {isa = PBXBuildFile; fileRef = C887B90E1EE778D3001CD9DE /* TagTests.swift */; };
		C887B91B1EE778E3001CD9DE /* TransformerTests.swift in Sources */ = {isa = PBXBuildFile; fileRef = C887B90F1EE778D3001CD9DE /* TransformerTests.swift */; };
		C88BC3F81F94035800139D44 /* Iota.swift in Sources */ = {isa = PBXBuildFile; fileRef = C88BC3F71F94035800139D44 /* Iota.swift */; };
		C8CC451E1E92370100EA1B47 /* Syft.framework in Frameworks */ = {isa = PBXBuildFile; fileRef = C8CC45151E92370100EA1B47 /* Syft.framework */; };
		C8E7F2231EE75479005552EC /* ArrayUtilities.swift in Sources */ = {isa = PBXBuildFile; fileRef = C88FCD8E1EE74B6D007C4350 /* ArrayUtilities.swift */; };
		C8E7F2241EE75479005552EC /* DictionaryUtilities.swift in Sources */ = {isa = PBXBuildFile; fileRef = C88FCD8F1EE74B6D007C4350 /* DictionaryUtilities.swift */; };
		C8E7F2251EE75479005552EC /* DSL.swift in Sources */ = {isa = PBXBuildFile; fileRef = C88FCD901EE74B6D007C4350 /* DSL.swift */; };
		C8E7F2261EE75479005552EC /* Parser.swift in Sources */ = {isa = PBXBuildFile; fileRef = C88FCD911EE74B6D007C4350 /* Parser.swift */; };
		C8E7F2271EE75479005552EC /* Remainder.swift in Sources */ = {isa = PBXBuildFile; fileRef = C88FCD921EE74B6D007C4350 /* Remainder.swift */; };
		C8E7F2281EE75479005552EC /* Result.swift in Sources */ = {isa = PBXBuildFile; fileRef = C88FCD931EE74B6D007C4350 /* Result.swift */; };
		C8E7F2291EE75479005552EC /* ResultReporter.swift in Sources */ = {isa = PBXBuildFile; fileRef = C88FCD941EE74B6D007C4350 /* ResultReporter.swift */; };
		C8E7F22A1EE75479005552EC /* StringUtilities.swift in Sources */ = {isa = PBXBuildFile; fileRef = C88FCD951EE74B6D007C4350 /* StringUtilities.swift */; };
		C8E7F22C1EE75479005552EC /* Transformer.swift in Sources */ = {isa = PBXBuildFile; fileRef = C88FCD971EE74B6D007C4350 /* Transformer.swift */; };
/* End PBXBuildFile section */

/* Begin PBXContainerItemProxy section */
		C861406B1E94E6E100599DCC /* PBXContainerItemProxy */ = {
			isa = PBXContainerItemProxy;
			containerPortal = C85DB3FD1A19133100279078 /* Project object */;
			proxyType = 1;
			remoteGlobalIDString = C8CC45141E92370100EA1B47;
			remoteInfo = Syft;
		};
		C8CC451F1E92370100EA1B47 /* PBXContainerItemProxy */ = {
			isa = PBXContainerItemProxy;
			containerPortal = C85DB3FD1A19133100279078 /* Project object */;
			proxyType = 1;
			remoteGlobalIDString = C8CC45141E92370100EA1B47;
			remoteInfo = Syft;
		};
/* End PBXContainerItemProxy section */

/* Begin PBXCopyFilesBuildPhase section */
		C861406D1E94E6E100599DCC /* Embed Frameworks */ = {
			isa = PBXCopyFilesBuildPhase;
			buildActionMask = 2147483647;
			dstPath = "";
			dstSubfolderSpec = 10;
			files = (
				C861406A1E94E6E100599DCC /* Syft.framework in Embed Frameworks */,
			);
			name = "Embed Frameworks";
			runOnlyForDeploymentPostprocessing = 0;
		};
/* End PBXCopyFilesBuildPhase section */

/* Begin PBXFileReference section */
		C80A06F41EC4F17500123192 /* Song.swift */ = {isa = PBXFileReference; fileEncoding = 4; lastKnownFileType = sourcecode.swift; path = Song.swift; sourceTree = "<group>"; };
		C8383DE81C5CF8590050E8B8 /* LICENSE */ = {isa = PBXFileReference; fileEncoding = 4; lastKnownFileType = text; path = LICENSE; sourceTree = "<group>"; };
		C8383DE91C5CF8590050E8B8 /* Package.swift */ = {isa = PBXFileReference; fileEncoding = 4; lastKnownFileType = sourcecode.swift; path = Package.swift; sourceTree = "<group>"; };
		C8383DEA1C5CF8590050E8B8 /* README.md */ = {isa = PBXFileReference; fileEncoding = 4; lastKnownFileType = net.daringfireball.markdown; path = README.md; sourceTree = "<group>"; };
		C86093F21EAD17EA00CA12B4 /* Arithmetic.swift */ = {isa = PBXFileReference; fileEncoding = 4; lastKnownFileType = sourcecode.swift; path = Arithmetic.swift; sourceTree = "<group>"; };
		C86D77A91EB089F20033431E /* SequenceDiagram.swift */ = {isa = PBXFileReference; fileEncoding = 4; lastKnownFileType = sourcecode.swift; path = SequenceDiagram.swift; sourceTree = "<group>"; };
		C8735B121E94E2EB00A72FCC /* AppKit.framework */ = {isa = PBXFileReference; lastKnownFileType = wrapper.framework; name = AppKit.framework; path = System/Library/Frameworks/AppKit.framework; sourceTree = SDKROOT; };
		C8735B181E94E58E00A72FCC /* Sample.app */ = {isa = PBXFileReference; explicitFileType = wrapper.application; includeInIndex = 0; path = Sample.app; sourceTree = BUILT_PRODUCTS_DIR; };
		C8735B1A1E94E58E00A72FCC /* AppDelegate.swift */ = {isa = PBXFileReference; lastKnownFileType = sourcecode.swift; path = AppDelegate.swift; sourceTree = "<group>"; };
		C8735B1C1E94E58E00A72FCC /* ViewController.swift */ = {isa = PBXFileReference; lastKnownFileType = sourcecode.swift; path = ViewController.swift; sourceTree = "<group>"; };
		C8735B1E1E94E58E00A72FCC /* Assets.xcassets */ = {isa = PBXFileReference; lastKnownFileType = folder.assetcatalog; path = Assets.xcassets; sourceTree = "<group>"; };
		C8735B211E94E58E00A72FCC /* Base */ = {isa = PBXFileReference; lastKnownFileType = file.storyboard; name = Base; path = Base.lproj/Main.storyboard; sourceTree = "<group>"; };
		C8735B231E94E58E00A72FCC /* Info.plist */ = {isa = PBXFileReference; lastKnownFileType = text.plist.xml; path = Info.plist; sourceTree = "<group>"; };
		C887B8F41EE775F2001CD9DE /* Info.plist */ = {isa = PBXFileReference; lastKnownFileType = text.plist.xml; path = Info.plist; sourceTree = "<group>"; };
		C887B9041EE778D3001CD9DE /* DeferredTests.swift */ = {isa = PBXFileReference; lastKnownFileType = sourcecode.swift; path = DeferredTests.swift; sourceTree = "<group>"; };
		C887B9051EE778D3001CD9DE /* EitherTests.swift */ = {isa = PBXFileReference; lastKnownFileType = sourcecode.swift; path = EitherTests.swift; sourceTree = "<group>"; };
		C887B9061EE778D3001CD9DE /* Helpers.swift */ = {isa = PBXFileReference; lastKnownFileType = sourcecode.swift; path = Helpers.swift; sourceTree = "<group>"; };
		C887B9071EE778D3001CD9DE /* Info.plist */ = {isa = PBXFileReference; lastKnownFileType = text.plist.xml; path = Info.plist; sourceTree = "<group>"; };
		C887B9081EE778D3001CD9DE /* MatchTests.swift */ = {isa = PBXFileReference; lastKnownFileType = sourcecode.swift; path = MatchTests.swift; sourceTree = "<group>"; };
		C887B9091EE778D3001CD9DE /* RemainderTests.swift */ = {isa = PBXFileReference; lastKnownFileType = sourcecode.swift; path = RemainderTests.swift; sourceTree = "<group>"; };
		C887B90A1EE778D3001CD9DE /* RepeatTests.swift */ = {isa = PBXFileReference; lastKnownFileType = sourcecode.swift; path = RepeatTests.swift; sourceTree = "<group>"; };
		C887B90B1EE778D3001CD9DE /* ResultTests.swift */ = {isa = PBXFileReference; lastKnownFileType = sourcecode.swift; path = ResultTests.swift; sourceTree = "<group>"; };
		C887B90C1EE778D3001CD9DE /* SequenceTests.swift */ = {isa = PBXFileReference; lastKnownFileType = sourcecode.swift; path = SequenceTests.swift; sourceTree = "<group>"; };
		C887B90D1EE778D3001CD9DE /* StringAtomTests.swift */ = {isa = PBXFileReference; lastKnownFileType = sourcecode.swift; path = StringAtomTests.swift; sourceTree = "<group>"; };
		C887B90E1EE778D3001CD9DE /* TagTests.swift */ = {isa = PBXFileReference; lastKnownFileType = sourcecode.swift; path = TagTests.swift; sourceTree = "<group>"; };
		C887B90F1EE778D3001CD9DE /* TransformerTests.swift */ = {isa = PBXFileReference; lastKnownFileType = sourcecode.swift; path = TransformerTests.swift; sourceTree = "<group>"; };
		C88BC3F71F94035800139D44 /* Iota.swift */ = {isa = PBXFileReference; lastKnownFileType = sourcecode.swift; path = Iota.swift; sourceTree = "<group>"; };
		C88FCD8E1EE74B6D007C4350 /* ArrayUtilities.swift */ = {isa = PBXFileReference; lastKnownFileType = sourcecode.swift; path = ArrayUtilities.swift; sourceTree = "<group>"; };
		C88FCD8F1EE74B6D007C4350 /* DictionaryUtilities.swift */ = {isa = PBXFileReference; lastKnownFileType = sourcecode.swift; path = DictionaryUtilities.swift; sourceTree = "<group>"; };
		C88FCD901EE74B6D007C4350 /* DSL.swift */ = {isa = PBXFileReference; lastKnownFileType = sourcecode.swift; path = DSL.swift; sourceTree = "<group>"; };
		C88FCD911EE74B6D007C4350 /* Parser.swift */ = {isa = PBXFileReference; lastKnownFileType = sourcecode.swift; path = Parser.swift; sourceTree = "<group>"; };
		C88FCD921EE74B6D007C4350 /* Remainder.swift */ = {isa = PBXFileReference; lastKnownFileType = sourcecode.swift; path = Remainder.swift; sourceTree = "<group>"; };
		C88FCD931EE74B6D007C4350 /* Result.swift */ = {isa = PBXFileReference; lastKnownFileType = sourcecode.swift; path = Result.swift; sourceTree = "<group>"; };
		C88FCD941EE74B6D007C4350 /* ResultReporter.swift */ = {isa = PBXFileReference; lastKnownFileType = sourcecode.swift; path = ResultReporter.swift; sourceTree = "<group>"; };
		C88FCD951EE74B6D007C4350 /* StringUtilities.swift */ = {isa = PBXFileReference; lastKnownFileType = sourcecode.swift; path = StringUtilities.swift; sourceTree = "<group>"; };
		C88FCD971EE74B6D007C4350 /* Transformer.swift */ = {isa = PBXFileReference; lastKnownFileType = sourcecode.swift; path = Transformer.swift; sourceTree = "<group>"; };
		C8AD8B191EC88F0100C5B9CB /* SyftFile.swift */ = {isa = PBXFileReference; fileEncoding = 4; lastKnownFileType = sourcecode.swift; path = SyftFile.swift; sourceTree = "<group>"; };
		C8CC45151E92370100EA1B47 /* Syft.framework */ = {isa = PBXFileReference; explicitFileType = wrapper.framework; includeInIndex = 0; path = Syft.framework; sourceTree = BUILT_PRODUCTS_DIR; };
		C8CC451D1E92370100EA1B47 /* SyftTests.xctest */ = {isa = PBXFileReference; explicitFileType = wrapper.cfbundle; includeInIndex = 0; path = SyftTests.xctest; sourceTree = BUILT_PRODUCTS_DIR; };
/* End PBXFileReference section */

/* Begin PBXFrameworksBuildPhase section */
		C8735B151E94E58E00A72FCC /* Frameworks */ = {
			isa = PBXFrameworksBuildPhase;
			buildActionMask = 2147483647;
			files = (
				C86140691E94E6E100599DCC /* Syft.framework in Frameworks */,
			);
			runOnlyForDeploymentPostprocessing = 0;
		};
		C8CC45111E92370100EA1B47 /* Frameworks */ = {
			isa = PBXFrameworksBuildPhase;
			buildActionMask = 2147483647;
			files = (
			);
			runOnlyForDeploymentPostprocessing = 0;
		};
		C8CC451A1E92370100EA1B47 /* Frameworks */ = {
			isa = PBXFrameworksBuildPhase;
			buildActionMask = 2147483647;
			files = (
				C8CC451E1E92370100EA1B47 /* Syft.framework in Frameworks */,
			);
			runOnlyForDeploymentPostprocessing = 0;
		};
/* End PBXFrameworksBuildPhase section */

/* Begin PBXGroup section */
		C85DB3FC1A19133100279078 = {
			isa = PBXGroup;
			children = (
				C8383DEA1C5CF8590050E8B8 /* README.md */,
				C8383DE81C5CF8590050E8B8 /* LICENSE */,
				C8383DE91C5CF8590050E8B8 /* Package.swift */,
				C88FCD8D1EE74B6D007C4350 /* Sources */,
				C887B9021EE778D3001CD9DE /* Tests */,
				C8735B191E94E58E00A72FCC /* Sample */,
				C85DB4061A19133100279078 /* Products */,
				C8735B111E94E2EB00A72FCC /* Frameworks */,
			);
			sourceTree = "<group>";
		};
		C85DB4061A19133100279078 /* Products */ = {
			isa = PBXGroup;
			children = (
				C8CC45151E92370100EA1B47 /* Syft.framework */,
				C8CC451D1E92370100EA1B47 /* SyftTests.xctest */,
				C8735B181E94E58E00A72FCC /* Sample.app */,
			);
			name = Products;
			sourceTree = "<group>";
		};
		C8735B111E94E2EB00A72FCC /* Frameworks */ = {
			isa = PBXGroup;
			children = (
				C8735B121E94E2EB00A72FCC /* AppKit.framework */,
			);
			name = Frameworks;
			sourceTree = "<group>";
		};
		C8735B191E94E58E00A72FCC /* Sample */ = {
			isa = PBXGroup;
			children = (
				C8735B1A1E94E58E00A72FCC /* AppDelegate.swift */,
				C8735B1C1E94E58E00A72FCC /* ViewController.swift */,
				C86093F21EAD17EA00CA12B4 /* Arithmetic.swift */,
				C88BC3F71F94035800139D44 /* Iota.swift */,
				C86D77A91EB089F20033431E /* SequenceDiagram.swift */,
				C80A06F41EC4F17500123192 /* Song.swift */,
				C8AD8B191EC88F0100C5B9CB /* SyftFile.swift */,
				C8735B1E1E94E58E00A72FCC /* Assets.xcassets */,
				C8735B201E94E58E00A72FCC /* Main.storyboard */,
				C8735B231E94E58E00A72FCC /* Info.plist */,
			);
			path = Sample;
			sourceTree = "<group>";
		};
		C887B9021EE778D3001CD9DE /* Tests */ = {
			isa = PBXGroup;
			children = (
				C887B9031EE778D3001CD9DE /* SyftTests */,
			);
			path = Tests;
			sourceTree = "<group>";
		};
		C887B9031EE778D3001CD9DE /* SyftTests */ = {
			isa = PBXGroup;
			children = (
				C887B9041EE778D3001CD9DE /* DeferredTests.swift */,
				C887B9051EE778D3001CD9DE /* EitherTests.swift */,
				C887B9061EE778D3001CD9DE /* Helpers.swift */,
				C887B9071EE778D3001CD9DE /* Info.plist */,
				C887B9081EE778D3001CD9DE /* MatchTests.swift */,
				C887B9091EE778D3001CD9DE /* RemainderTests.swift */,
				C887B90A1EE778D3001CD9DE /* RepeatTests.swift */,
				C887B90B1EE778D3001CD9DE /* ResultTests.swift */,
				C887B90C1EE778D3001CD9DE /* SequenceTests.swift */,
				C887B90D1EE778D3001CD9DE /* StringAtomTests.swift */,
				C887B90E1EE778D3001CD9DE /* TagTests.swift */,
				C887B90F1EE778D3001CD9DE /* TransformerTests.swift */,
			);
			path = SyftTests;
			sourceTree = "<group>";
		};
		C88FCD8D1EE74B6D007C4350 /* Sources */ = {
			isa = PBXGroup;
			children = (
				C887B8F41EE775F2001CD9DE /* Info.plist */,
				C88FCD8E1EE74B6D007C4350 /* ArrayUtilities.swift */,
				C88FCD8F1EE74B6D007C4350 /* DictionaryUtilities.swift */,
				C88FCD901EE74B6D007C4350 /* DSL.swift */,
				C88FCD911EE74B6D007C4350 /* Parser.swift */,
				C88FCD921EE74B6D007C4350 /* Remainder.swift */,
				C88FCD931EE74B6D007C4350 /* Result.swift */,
				C88FCD941EE74B6D007C4350 /* ResultReporter.swift */,
				C88FCD951EE74B6D007C4350 /* StringUtilities.swift */,
				C88FCD971EE74B6D007C4350 /* Transformer.swift */,
			);
			path = Sources;
			sourceTree = "<group>";
		};
/* End PBXGroup section */

/* Begin PBXHeadersBuildPhase section */
		C8CC45121E92370100EA1B47 /* Headers */ = {
			isa = PBXHeadersBuildPhase;
			buildActionMask = 2147483647;
			files = (
			);
			runOnlyForDeploymentPostprocessing = 0;
		};
/* End PBXHeadersBuildPhase section */

/* Begin PBXNativeTarget section */
		C8735B171E94E58E00A72FCC /* Sample */ = {
			isa = PBXNativeTarget;
			buildConfigurationList = C8735B241E94E58E00A72FCC /* Build configuration list for PBXNativeTarget "Sample" */;
			buildPhases = (
				C8735B141E94E58E00A72FCC /* Sources */,
				C8735B151E94E58E00A72FCC /* Frameworks */,
				C8735B161E94E58E00A72FCC /* Resources */,
				C861406D1E94E6E100599DCC /* Embed Frameworks */,
			);
			buildRules = (
			);
			dependencies = (
				C861406C1E94E6E100599DCC /* PBXTargetDependency */,
			);
			name = Sample;
			productName = Sample;
			productReference = C8735B181E94E58E00A72FCC /* Sample.app */;
			productType = "com.apple.product-type.application";
		};
		C8CC45141E92370100EA1B47 /* Syft */ = {
			isa = PBXNativeTarget;
			buildConfigurationList = C8CC45261E92370100EA1B47 /* Build configuration list for PBXNativeTarget "Syft" */;
			buildPhases = (
				C8CC45101E92370100EA1B47 /* Sources */,
				C8CC45111E92370100EA1B47 /* Frameworks */,
				C8CC45121E92370100EA1B47 /* Headers */,
				C8CC45131E92370100EA1B47 /* Resources */,
			);
			buildRules = (
			);
			dependencies = (
			);
			name = Syft;
			productName = Syft;
			productReference = C8CC45151E92370100EA1B47 /* Syft.framework */;
			productType = "com.apple.product-type.framework";
		};
		C8CC451C1E92370100EA1B47 /* SyftTests */ = {
			isa = PBXNativeTarget;
			buildConfigurationList = C8CC45291E92370100EA1B47 /* Build configuration list for PBXNativeTarget "SyftTests" */;
			buildPhases = (
				C8CC45191E92370100EA1B47 /* Sources */,
				C8CC451A1E92370100EA1B47 /* Frameworks */,
				C8CC451B1E92370100EA1B47 /* Resources */,
			);
			buildRules = (
			);
			dependencies = (
				C8CC45201E92370100EA1B47 /* PBXTargetDependency */,
			);
			name = SyftTests;
			productName = SyftTests;
			productReference = C8CC451D1E92370100EA1B47 /* SyftTests.xctest */;
			productType = "com.apple.product-type.bundle.unit-test";
		};
/* End PBXNativeTarget section */

/* Begin PBXProject section */
		C85DB3FD1A19133100279078 /* Project object */ = {
			isa = PBXProject;
			attributes = {
				LastSwiftMigration = 0720;
				LastSwiftUpdateCheck = 0830;
				LastUpgradeCheck = 0720;
				ORGANIZATIONNAME = Cutting;
				TargetAttributes = {
					C8735B171E94E58E00A72FCC = {
						CreatedOnToolsVersion = 8.3;
						DevelopmentTeam = J6LY6992AF;
						ProvisioningStyle = Automatic;
					};
					C8CC45141E92370100EA1B47 = {
						CreatedOnToolsVersion = 8.3;
						DevelopmentTeam = 3H86HRS574;
						ProvisioningStyle = Automatic;
					};
					C8CC451C1E92370100EA1B47 = {
						CreatedOnToolsVersion = 8.3;
						DevelopmentTeam = J6LY6992AF;
						ProvisioningStyle = Automatic;
					};
				};
			};
			buildConfigurationList = C85DB4001A19133100279078 /* Build configuration list for PBXProject "Syft" */;
			compatibilityVersion = "Xcode 3.2";
			developmentRegion = English;
			hasScannedForEncodings = 0;
			knownRegions = (
				en,
				Base,
			);
			mainGroup = C85DB3FC1A19133100279078;
			productRefGroup = C85DB4061A19133100279078 /* Products */;
			projectDirPath = "";
			projectRoot = "";
			targets = (
				C8CC45141E92370100EA1B47 /* Syft */,
				C8CC451C1E92370100EA1B47 /* SyftTests */,
				C8735B171E94E58E00A72FCC /* Sample */,
			);
		};
/* End PBXProject section */

/* Begin PBXResourcesBuildPhase section */
		C8735B161E94E58E00A72FCC /* Resources */ = {
			isa = PBXResourcesBuildPhase;
			buildActionMask = 2147483647;
			files = (
				C8735B1F1E94E58E00A72FCC /* Assets.xcassets in Resources */,
				C8735B221E94E58E00A72FCC /* Main.storyboard in Resources */,
			);
			runOnlyForDeploymentPostprocessing = 0;
		};
		C8CC45131E92370100EA1B47 /* Resources */ = {
			isa = PBXResourcesBuildPhase;
			buildActionMask = 2147483647;
			files = (
			);
			runOnlyForDeploymentPostprocessing = 0;
		};
		C8CC451B1E92370100EA1B47 /* Resources */ = {
			isa = PBXResourcesBuildPhase;
			buildActionMask = 2147483647;
			files = (
			);
			runOnlyForDeploymentPostprocessing = 0;
		};
/* End PBXResourcesBuildPhase section */

/* Begin PBXSourcesBuildPhase section */
		C8735B141E94E58E00A72FCC /* Sources */ = {
			isa = PBXSourcesBuildPhase;
			buildActionMask = 2147483647;
			files = (
				C86093F31EAD17EA00CA12B4 /* Arithmetic.swift in Sources */,
				C88BC3F81F94035800139D44 /* Iota.swift in Sources */,
				C8735B1D1E94E58E00A72FCC /* ViewController.swift in Sources */,
				C8735B1B1E94E58E00A72FCC /* AppDelegate.swift in Sources */,
				C80A06F51EC4F17500123192 /* Song.swift in Sources */,
			);
			runOnlyForDeploymentPostprocessing = 0;
		};
		C8CC45101E92370100EA1B47 /* Sources */ = {
			isa = PBXSourcesBuildPhase;
			buildActionMask = 2147483647;
			files = (
				C8E7F2281EE75479005552EC /* Result.swift in Sources */,
				C8E7F22C1EE75479005552EC /* Transformer.swift in Sources */,
				C8E7F2261EE75479005552EC /* Parser.swift in Sources */,
				C8E7F2271EE75479005552EC /* Remainder.swift in Sources */,
				C8E7F22A1EE75479005552EC /* StringUtilities.swift in Sources */,
				C8E7F2291EE75479005552EC /* ResultReporter.swift in Sources */,
				C8E7F2251EE75479005552EC /* DSL.swift in Sources */,
				C8E7F2241EE75479005552EC /* DictionaryUtilities.swift in Sources */,
				C8E7F2231EE75479005552EC /* ArrayUtilities.swift in Sources */,
			);
			runOnlyForDeploymentPostprocessing = 0;
		};
		C8CC45191E92370100EA1B47 /* Sources */ = {
			isa = PBXSourcesBuildPhase;
			buildActionMask = 2147483647;
			files = (
				C887B9151EE778E3001CD9DE /* RemainderTests.swift in Sources */,
				C887B9111EE778E3001CD9DE /* EitherTests.swift in Sources */,
				C887B91B1EE778E3001CD9DE /* TransformerTests.swift in Sources */,
				C887B91A1EE778E3001CD9DE /* TagTests.swift in Sources */,
				C887B9181EE778E3001CD9DE /* SequenceTests.swift in Sources */,
				C887B9161EE778E3001CD9DE /* RepeatTests.swift in Sources */,
				C887B9121EE778E3001CD9DE /* Helpers.swift in Sources */,
				C887B9101EE778E3001CD9DE /* DeferredTests.swift in Sources */,
				C887B9141EE778E3001CD9DE /* MatchTests.swift in Sources */,
				C887B9171EE778E3001CD9DE /* ResultTests.swift in Sources */,
				C887B9191EE778E3001CD9DE /* StringAtomTests.swift in Sources */,
			);
			runOnlyForDeploymentPostprocessing = 0;
		};
/* End PBXSourcesBuildPhase section */

/* Begin PBXTargetDependency section */
		C861406C1E94E6E100599DCC /* PBXTargetDependency */ = {
			isa = PBXTargetDependency;
			target = C8CC45141E92370100EA1B47 /* Syft */;
			targetProxy = C861406B1E94E6E100599DCC /* PBXContainerItemProxy */;
		};
		C8CC45201E92370100EA1B47 /* PBXTargetDependency */ = {
			isa = PBXTargetDependency;
			target = C8CC45141E92370100EA1B47 /* Syft */;
			targetProxy = C8CC451F1E92370100EA1B47 /* PBXContainerItemProxy */;
		};
/* End PBXTargetDependency section */

/* Begin PBXVariantGroup section */
		C8735B201E94E58E00A72FCC /* Main.storyboard */ = {
			isa = PBXVariantGroup;
			children = (
				C8735B211E94E58E00A72FCC /* Base */,
			);
			name = Main.storyboard;
			sourceTree = "<group>";
		};
/* End PBXVariantGroup section */

/* Begin XCBuildConfiguration section */
		C85DB40A1A19133100279078 /* Debug */ = {
			isa = XCBuildConfiguration;
			buildSettings = {
				ALWAYS_SEARCH_USER_PATHS = NO;
				CLANG_CXX_LANGUAGE_STANDARD = "gnu++0x";
				CLANG_CXX_LIBRARY = "libc++";
				CLANG_ENABLE_MODULES = YES;
				CLANG_ENABLE_OBJC_ARC = YES;
				CLANG_WARN_BOOL_CONVERSION = YES;
				CLANG_WARN_CONSTANT_CONVERSION = YES;
				CLANG_WARN_DIRECT_OBJC_ISA_USAGE = YES_ERROR;
				CLANG_WARN_EMPTY_BODY = YES;
				CLANG_WARN_ENUM_CONVERSION = YES;
				CLANG_WARN_INT_CONVERSION = YES;
				CLANG_WARN_OBJC_ROOT_CLASS = YES_ERROR;
				CLANG_WARN_UNREACHABLE_CODE = YES;
				CLANG_WARN__DUPLICATE_METHOD_MATCH = YES;
				COPY_PHASE_STRIP = NO;
				ENABLE_STRICT_OBJC_MSGSEND = YES;
				ENABLE_TESTABILITY = YES;
				GCC_C_LANGUAGE_STANDARD = gnu99;
				GCC_DYNAMIC_NO_PIC = NO;
				GCC_OPTIMIZATION_LEVEL = 0;
				GCC_PREPROCESSOR_DEFINITIONS = (
					"DEBUG=1",
					"$(inherited)",
				);
				GCC_SYMBOLS_PRIVATE_EXTERN = NO;
				GCC_WARN_64_TO_32_BIT_CONVERSION = YES;
				GCC_WARN_ABOUT_RETURN_TYPE = YES_ERROR;
				GCC_WARN_UNDECLARED_SELECTOR = YES;
				GCC_WARN_UNINITIALIZED_AUTOS = YES_AGGRESSIVE;
				GCC_WARN_UNUSED_FUNCTION = YES;
				GCC_WARN_UNUSED_VARIABLE = YES;
				MACOSX_DEPLOYMENT_TARGET = 10.12;
				MODULE_NAME = Syft;
				MTL_ENABLE_DEBUG_INFO = YES;
				ONLY_ACTIVE_ARCH = YES;
				SDKROOT = macosx;
				SWIFT_OPTIMIZATION_LEVEL = "-Onone";
			};
			name = Debug;
		};
		C85DB40B1A19133100279078 /* Release */ = {
			isa = XCBuildConfiguration;
			buildSettings = {
				ALWAYS_SEARCH_USER_PATHS = NO;
				CLANG_CXX_LANGUAGE_STANDARD = "gnu++0x";
				CLANG_CXX_LIBRARY = "libc++";
				CLANG_ENABLE_MODULES = YES;
				CLANG_ENABLE_OBJC_ARC = YES;
				CLANG_WARN_BOOL_CONVERSION = YES;
				CLANG_WARN_CONSTANT_CONVERSION = YES;
				CLANG_WARN_DIRECT_OBJC_ISA_USAGE = YES_ERROR;
				CLANG_WARN_EMPTY_BODY = YES;
				CLANG_WARN_ENUM_CONVERSION = YES;
				CLANG_WARN_INT_CONVERSION = YES;
				CLANG_WARN_OBJC_ROOT_CLASS = YES_ERROR;
				CLANG_WARN_UNREACHABLE_CODE = YES;
				CLANG_WARN__DUPLICATE_METHOD_MATCH = YES;
				COPY_PHASE_STRIP = YES;
				DEBUG_INFORMATION_FORMAT = "dwarf-with-dsym";
				ENABLE_NS_ASSERTIONS = NO;
				ENABLE_STRICT_OBJC_MSGSEND = YES;
				GCC_C_LANGUAGE_STANDARD = gnu99;
				GCC_WARN_64_TO_32_BIT_CONVERSION = YES;
				GCC_WARN_ABOUT_RETURN_TYPE = YES_ERROR;
				GCC_WARN_UNDECLARED_SELECTOR = YES;
				GCC_WARN_UNINITIALIZED_AUTOS = YES_AGGRESSIVE;
				GCC_WARN_UNUSED_FUNCTION = YES;
				GCC_WARN_UNUSED_VARIABLE = YES;
				MACOSX_DEPLOYMENT_TARGET = 10.12;
				MODULE_NAME = Syft;
				MTL_ENABLE_DEBUG_INFO = NO;
				SDKROOT = macosx;
			};
			name = Release;
		};
		C8735B251E94E58E00A72FCC /* Debug */ = {
			isa = XCBuildConfiguration;
			buildSettings = {
				ALWAYS_EMBED_SWIFT_STANDARD_LIBRARIES = YES;
				ASSETCATALOG_COMPILER_APPICON_NAME = AppIcon;
				CLANG_ANALYZER_NONNULL = YES;
				CLANG_ANALYZER_NUMBER_OBJECT_CONVERSION = YES_AGGRESSIVE;
				CLANG_WARN_DOCUMENTATION_COMMENTS = YES;
				CLANG_WARN_INFINITE_RECURSION = YES;
				CLANG_WARN_SUSPICIOUS_MOVE = YES;
				CODE_SIGN_IDENTITY = "Mac Developer";
				CODE_SIGN_STYLE = Automatic;
				COMBINE_HIDPI_IMAGES = YES;
				DEBUG_INFORMATION_FORMAT = dwarf;
				DEVELOPMENT_TEAM = "";
				GCC_NO_COMMON_BLOCKS = YES;
				INFOPLIST_FILE = Sample/Info.plist;
				LD_RUNPATH_SEARCH_PATHS = "$(inherited) @executable_path/../Frameworks";
				MACOSX_DEPLOYMENT_TARGET = 10.12;
				PRODUCT_BUNDLE_IDENTIFIER = io.cutting.Sample;
				PRODUCT_NAME = "$(TARGET_NAME)";
				PROVISIONING_PROFILE_SPECIFIER = "";
				SWIFT_ACTIVE_COMPILATION_CONDITIONS = DEBUG;
				SWIFT_VERSION = 3.0;
			};
			name = Debug;
		};
		C8735B261E94E58E00A72FCC /* Release */ = {
			isa = XCBuildConfiguration;
			buildSettings = {
				ALWAYS_EMBED_SWIFT_STANDARD_LIBRARIES = YES;
				ASSETCATALOG_COMPILER_APPICON_NAME = AppIcon;
				CLANG_ANALYZER_NONNULL = YES;
				CLANG_ANALYZER_NUMBER_OBJECT_CONVERSION = YES_AGGRESSIVE;
				CLANG_WARN_DOCUMENTATION_COMMENTS = YES;
				CLANG_WARN_INFINITE_RECURSION = YES;
				CLANG_WARN_SUSPICIOUS_MOVE = YES;
				CODE_SIGN_IDENTITY = "Mac Developer";
				CODE_SIGN_STYLE = Automatic;
				COMBINE_HIDPI_IMAGES = YES;
				COPY_PHASE_STRIP = NO;
				DEVELOPMENT_TEAM = "";
				GCC_NO_COMMON_BLOCKS = YES;
				INFOPLIST_FILE = Sample/Info.plist;
				LD_RUNPATH_SEARCH_PATHS = "$(inherited) @executable_path/../Frameworks";
				MACOSX_DEPLOYMENT_TARGET = 10.12;
				PRODUCT_BUNDLE_IDENTIFIER = io.cutting.Sample;
				PRODUCT_NAME = "$(TARGET_NAME)";
				PROVISIONING_PROFILE_SPECIFIER = "";
				SWIFT_OPTIMIZATION_LEVEL = "-Owholemodule";
				SWIFT_VERSION = 3.0;
			};
			name = Release;
		};
		C8CC45271E92370100EA1B47 /* Debug */ = {
			isa = XCBuildConfiguration;
			buildSettings = {
				CLANG_ANALYZER_NONNULL = YES;
				CLANG_ANALYZER_NUMBER_OBJECT_CONVERSION = YES_AGGRESSIVE;
				CLANG_WARN_DOCUMENTATION_COMMENTS = YES;
				CLANG_WARN_INFINITE_RECURSION = YES;
				CLANG_WARN_SUSPICIOUS_MOVE = YES;
				CODE_SIGN_IDENTITY = "";
				CODE_SIGN_STYLE = Automatic;
				COMBINE_HIDPI_IMAGES = YES;
				CURRENT_PROJECT_VERSION = 1;
				DEBUG_INFORMATION_FORMAT = dwarf;
				DEFINES_MODULE = YES;
				DEVELOPMENT_TEAM = 3H86HRS574;
				DYLIB_COMPATIBILITY_VERSION = 1;
				DYLIB_CURRENT_VERSION = 1;
				DYLIB_INSTALL_NAME_BASE = "@rpath";
				FRAMEWORK_VERSION = A;
				GCC_NO_COMMON_BLOCKS = YES;
				INFOPLIST_FILE = "$(SRCROOT)/Sources/Info.plist";
				INSTALL_PATH = "$(LOCAL_LIBRARY_DIR)/Frameworks";
				LD_RUNPATH_SEARCH_PATHS = "$(inherited) @executable_path/../Frameworks @loader_path/Frameworks";
				MACOSX_DEPLOYMENT_TARGET = 10.12;
				PRODUCT_BUNDLE_IDENTIFIER = io.cutting.Syft;
				PRODUCT_NAME = "$(TARGET_NAME)";
				PROVISIONING_PROFILE_SPECIFIER = "";
				SKIP_INSTALL = YES;
				SWIFT_ACTIVE_COMPILATION_CONDITIONS = DEBUG;
				SWIFT_VERSION = 4.0;
				VERSIONING_SYSTEM = "apple-generic";
				VERSION_INFO_PREFIX = "";
			};
			name = Debug;
		};
		C8CC45281E92370100EA1B47 /* Release */ = {
			isa = XCBuildConfiguration;
			buildSettings = {
				CLANG_ANALYZER_NONNULL = YES;
				CLANG_ANALYZER_NUMBER_OBJECT_CONVERSION = YES_AGGRESSIVE;
				CLANG_WARN_DOCUMENTATION_COMMENTS = YES;
				CLANG_WARN_INFINITE_RECURSION = YES;
				CLANG_WARN_SUSPICIOUS_MOVE = YES;
				CODE_SIGN_IDENTITY = "";
				CODE_SIGN_STYLE = Automatic;
				COMBINE_HIDPI_IMAGES = YES;
				COPY_PHASE_STRIP = NO;
				CURRENT_PROJECT_VERSION = 1;
				DEFINES_MODULE = YES;
				DEVELOPMENT_TEAM = 3H86HRS574;
				DYLIB_COMPATIBILITY_VERSION = 1;
				DYLIB_CURRENT_VERSION = 1;
				DYLIB_INSTALL_NAME_BASE = "@rpath";
				FRAMEWORK_VERSION = A;
				GCC_NO_COMMON_BLOCKS = YES;
				INFOPLIST_FILE = "$(SRCROOT)/Sources/Info.plist";
				INSTALL_PATH = "$(LOCAL_LIBRARY_DIR)/Frameworks";
				LD_RUNPATH_SEARCH_PATHS = "$(inherited) @executable_path/../Frameworks @loader_path/Frameworks";
				MACOSX_DEPLOYMENT_TARGET = 10.12;
				PRODUCT_BUNDLE_IDENTIFIER = io.cutting.Syft;
				PRODUCT_NAME = "$(TARGET_NAME)";
				PROVISIONING_PROFILE_SPECIFIER = "";
				SKIP_INSTALL = YES;
				SWIFT_OPTIMIZATION_LEVEL = "-Owholemodule";
				SWIFT_VERSION = 4.0;
				VERSIONING_SYSTEM = "apple-generic";
				VERSION_INFO_PREFIX = "";
			};
			name = Release;
		};
		C8CC452A1E92370100EA1B47 /* Debug */ = {
			isa = XCBuildConfiguration;
			buildSettings = {
				ALWAYS_EMBED_SWIFT_STANDARD_LIBRARIES = YES;
				CLANG_ANALYZER_NONNULL = YES;
				CLANG_ANALYZER_NUMBER_OBJECT_CONVERSION = YES_AGGRESSIVE;
				CLANG_WARN_DOCUMENTATION_COMMENTS = YES;
				CLANG_WARN_INFINITE_RECURSION = YES;
				CLANG_WARN_SUSPICIOUS_MOVE = YES;
				CODE_SIGN_IDENTITY = "";
				COMBINE_HIDPI_IMAGES = YES;
				DEBUG_INFORMATION_FORMAT = dwarf;
				DEVELOPMENT_TEAM = J6LY6992AF;
				GCC_NO_COMMON_BLOCKS = YES;
				INFOPLIST_FILE = Tests/SyftTests/Info.plist;
				LD_RUNPATH_SEARCH_PATHS = "$(inherited) @executable_path/../Frameworks @loader_path/../Frameworks";
				MACOSX_DEPLOYMENT_TARGET = 10.12;
				PRODUCT_BUNDLE_IDENTIFIER = io.cutting.SyftTests;
				PRODUCT_NAME = "$(TARGET_NAME)";
				SWIFT_ACTIVE_COMPILATION_CONDITIONS = DEBUG;
				SWIFT_VERSION = 4.0;
			};
			name = Debug;
		};
		C8CC452B1E92370100EA1B47 /* Release */ = {
			isa = XCBuildConfiguration;
			buildSettings = {
				ALWAYS_EMBED_SWIFT_STANDARD_LIBRARIES = YES;
				CLANG_ANALYZER_NONNULL = YES;
				CLANG_ANALYZER_NUMBER_OBJECT_CONVERSION = YES_AGGRESSIVE;
				CLANG_WARN_DOCUMENTATION_COMMENTS = YES;
				CLANG_WARN_INFINITE_RECURSION = YES;
				CLANG_WARN_SUSPICIOUS_MOVE = YES;
				CODE_SIGN_IDENTITY = "";
				COMBINE_HIDPI_IMAGES = YES;
				COPY_PHASE_STRIP = NO;
				DEVELOPMENT_TEAM = J6LY6992AF;
				GCC_NO_COMMON_BLOCKS = YES;
				INFOPLIST_FILE = Tests/SyftTests/Info.plist;
				LD_RUNPATH_SEARCH_PATHS = "$(inherited) @executable_path/../Frameworks @loader_path/../Frameworks";
				MACOSX_DEPLOYMENT_TARGET = 10.12;
				PRODUCT_BUNDLE_IDENTIFIER = io.cutting.SyftTests;
				PRODUCT_NAME = "$(TARGET_NAME)";
				SWIFT_OPTIMIZATION_LEVEL = "-Owholemodule";
				SWIFT_VERSION = 4.0;
			};
			name = Release;
		};
/* End XCBuildConfiguration section */

/* Begin XCConfigurationList section */
		C85DB4001A19133100279078 /* Build configuration list for PBXProject "Syft" */ = {
			isa = XCConfigurationList;
			buildConfigurations = (
				C85DB40A1A19133100279078 /* Debug */,
				C85DB40B1A19133100279078 /* Release */,
			);
			defaultConfigurationIsVisible = 0;
			defaultConfigurationName = Release;
		};
		C8735B241E94E58E00A72FCC /* Build configuration list for PBXNativeTarget "Sample" */ = {
			isa = XCConfigurationList;
			buildConfigurations = (
				C8735B251E94E58E00A72FCC /* Debug */,
				C8735B261E94E58E00A72FCC /* Release */,
			);
			defaultConfigurationIsVisible = 0;
			defaultConfigurationName = Release;
		};
		C8CC45261E92370100EA1B47 /* Build configuration list for PBXNativeTarget "Syft" */ = {
			isa = XCConfigurationList;
			buildConfigurations = (
				C8CC45271E92370100EA1B47 /* Debug */,
				C8CC45281E92370100EA1B47 /* Release */,
			);
			defaultConfigurationIsVisible = 0;
			defaultConfigurationName = Release;
		};
		C8CC45291E92370100EA1B47 /* Build configuration list for PBXNativeTarget "SyftTests" */ = {
			isa = XCConfigurationList;
			buildConfigurations = (
				C8CC452A1E92370100EA1B47 /* Debug */,
				C8CC452B1E92370100EA1B47 /* Release */,
			);
			defaultConfigurationIsVisible = 0;
			defaultConfigurationName = Release;
		};
/* End XCConfigurationList section */
	};
	rootObject = C85DB3FD1A19133100279078 /* Project object */;
}
